// !$*UTF8*$!
{
	archiveVersion = 1;
	classes = {
	};
	objectVersion = 46;
	objects = {

/* Begin PBXBuildFile section */
		A5AE92281F47EC02003F08B7 /* GoogleService-Info.plist in Resources */ = {isa = PBXBuildFile; fileRef = A5AE92271F47EC02003F08B7 /* GoogleService-Info.plist */; };
		A5BA5D0F1F43DDBF001DD48C /* AppDelegate.swift in Sources */ = {isa = PBXBuildFile; fileRef = A5BA5D0E1F43DDBF001DD48C /* AppDelegate.swift */; };
		A5BA5D111F43DDBF001DD48C /* ViewController.swift in Sources */ = {isa = PBXBuildFile; fileRef = A5BA5D101F43DDBF001DD48C /* ViewController.swift */; };
		A5BA5D141F43DDBF001DD48C /* Main.storyboard in Resources */ = {isa = PBXBuildFile; fileRef = A5BA5D121F43DDBF001DD48C /* Main.storyboard */; };
		A5BA5D161F43DDBF001DD48C /* Assets.xcassets in Resources */ = {isa = PBXBuildFile; fileRef = A5BA5D151F43DDBF001DD48C /* Assets.xcassets */; };
		A5BA5D191F43DDBF001DD48C /* LaunchScreen.storyboard in Resources */ = {isa = PBXBuildFile; fileRef = A5BA5D171F43DDBF001DD48C /* LaunchScreen.storyboard */; };
		A5BA5D221F43E41D001DD48C /* LoginController.swift in Sources */ = {isa = PBXBuildFile; fileRef = A5BA5D211F43E41D001DD48C /* LoginController.swift */; };
		E0FCB5257A9E200C09D099D6 /* Pods_RadioCollector.framework in Frameworks */ = {isa = PBXBuildFile; fileRef = 0C277F191554F7E89E78E490 /* Pods_RadioCollector.framework */; };
/* End PBXBuildFile section */

/* Begin PBXFileReference section */
		0C277F191554F7E89E78E490 /* Pods_RadioCollector.framework */ = {isa = PBXFileReference; explicitFileType = wrapper.framework; includeInIndex = 0; path = Pods_RadioCollector.framework; sourceTree = BUILT_PRODUCTS_DIR; };
		2250C915D60498622DA27060 /* Pods-RadioCollector.debug.xcconfig */ = {isa = PBXFileReference; includeInIndex = 1; lastKnownFileType = text.xcconfig; name = "Pods-RadioCollector.debug.xcconfig"; path = "Pods/Target Support Files/Pods-RadioCollector/Pods-RadioCollector.debug.xcconfig"; sourceTree = "<group>"; };
		A5AE92271F47EC02003F08B7 /* GoogleService-Info.plist */ = {isa = PBXFileReference; fileEncoding = 4; lastKnownFileType = text.plist.xml; path = "GoogleService-Info.plist"; sourceTree = "<group>"; };
		A5BA5D0B1F43DDBF001DD48C /* RadioCollector.app */ = {isa = PBXFileReference; explicitFileType = wrapper.application; includeInIndex = 0; path = RadioCollector.app; sourceTree = BUILT_PRODUCTS_DIR; };
		A5BA5D0E1F43DDBF001DD48C /* AppDelegate.swift */ = {isa = PBXFileReference; lastKnownFileType = sourcecode.swift; path = AppDelegate.swift; sourceTree = "<group>"; };
		A5BA5D101F43DDBF001DD48C /* ViewController.swift */ = {isa = PBXFileReference; lastKnownFileType = sourcecode.swift; path = ViewController.swift; sourceTree = "<group>"; };
		A5BA5D131F43DDBF001DD48C /* Base */ = {isa = PBXFileReference; lastKnownFileType = file.storyboard; name = Base; path = Base.lproj/Main.storyboard; sourceTree = "<group>"; };
		A5BA5D151F43DDBF001DD48C /* Assets.xcassets */ = {isa = PBXFileReference; lastKnownFileType = folder.assetcatalog; path = Assets.xcassets; sourceTree = "<group>"; };
		A5BA5D181F43DDBF001DD48C /* Base */ = {isa = PBXFileReference; lastKnownFileType = file.storyboard; name = Base; path = Base.lproj/LaunchScreen.storyboard; sourceTree = "<group>"; };
		A5BA5D1A1F43DDBF001DD48C /* Info.plist */ = {isa = PBXFileReference; lastKnownFileType = text.plist.xml; path = Info.plist; sourceTree = "<group>"; };
		A5BA5D211F43E41D001DD48C /* LoginController.swift */ = {isa = PBXFileReference; fileEncoding = 4; lastKnownFileType = sourcecode.swift; path = LoginController.swift; sourceTree = "<group>"; };
		C129576D1AAC72142CADD552 /* Pods-RadioCollector.release.xcconfig */ = {isa = PBXFileReference; includeInIndex = 1; lastKnownFileType = text.xcconfig; name = "Pods-RadioCollector.release.xcconfig"; path = "Pods/Target Support Files/Pods-RadioCollector/Pods-RadioCollector.release.xcconfig"; sourceTree = "<group>"; };
/* End PBXFileReference section */

/* Begin PBXFrameworksBuildPhase section */
		A5BA5D081F43DDBF001DD48C /* Frameworks */ = {
			isa = PBXFrameworksBuildPhase;
			buildActionMask = 2147483647;
			files = (
				E0FCB5257A9E200C09D099D6 /* Pods_RadioCollector.framework in Frameworks */,
			);
			runOnlyForDeploymentPostprocessing = 0;
		};
/* End PBXFrameworksBuildPhase section */

/* Begin PBXGroup section */
		4A6D3DD9DA9C1434EE10C232 /* Pods */ = {
			isa = PBXGroup;
			children = (
				2250C915D60498622DA27060 /* Pods-RadioCollector.debug.xcconfig */,
				C129576D1AAC72142CADD552 /* Pods-RadioCollector.release.xcconfig */,
			);
			name = Pods;
			sourceTree = "<group>";
		};
		50118AACC0CD941DE1F76CDE /* Frameworks */ = {
			isa = PBXGroup;
			children = (
				0C277F191554F7E89E78E490 /* Pods_RadioCollector.framework */,
			);
			name = Frameworks;
			sourceTree = "<group>";
		};
		A5BA5D021F43DDBF001DD48C = {
			isa = PBXGroup;
			children = (
				A5BA5D0D1F43DDBF001DD48C /* RadioCollector */,
				A5BA5D0C1F43DDBF001DD48C /* Products */,
				4A6D3DD9DA9C1434EE10C232 /* Pods */,
				50118AACC0CD941DE1F76CDE /* Frameworks */,
			);
			sourceTree = "<group>";
		};
		A5BA5D0C1F43DDBF001DD48C /* Products */ = {
			isa = PBXGroup;
			children = (
				A5BA5D0B1F43DDBF001DD48C /* RadioCollector.app */,
			);
			name = Products;
			sourceTree = "<group>";
		};
		A5BA5D0D1F43DDBF001DD48C /* RadioCollector */ = {
			isa = PBXGroup;
			children = (
				A5BA5D201F43E3F5001DD48C /* Controller */,
				A5BA5D0E1F43DDBF001DD48C /* AppDelegate.swift */,
				A5BA5D121F43DDBF001DD48C /* Main.storyboard */,
				A5BA5D151F43DDBF001DD48C /* Assets.xcassets */,
				A5BA5D171F43DDBF001DD48C /* LaunchScreen.storyboard */,
				A5BA5D1A1F43DDBF001DD48C /* Info.plist */,
				A5AE92271F47EC02003F08B7 /* GoogleService-Info.plist */,
			);
			path = RadioCollector;
			sourceTree = "<group>";
		};
		A5BA5D201F43E3F5001DD48C /* Controller */ = {
			isa = PBXGroup;
			children = (
				A5BA5D211F43E41D001DD48C /* LoginController.swift */,
				A5BA5D101F43DDBF001DD48C /* ViewController.swift */,
			);
			name = Controller;
			sourceTree = "<group>";
		};
/* End PBXGroup section */

/* Begin PBXNativeTarget section */
		A5BA5D0A1F43DDBF001DD48C /* RadioCollector */ = {
			isa = PBXNativeTarget;
			buildConfigurationList = A5BA5D1D1F43DDBF001DD48C /* Build configuration list for PBXNativeTarget "RadioCollector" */;
			buildPhases = (
				7E7618663B7908FA72454920 /* [CP] Check Pods Manifest.lock */,
				A5BA5D071F43DDBF001DD48C /* Sources */,
				A5BA5D081F43DDBF001DD48C /* Frameworks */,
				A5BA5D091F43DDBF001DD48C /* Resources */,
				57DAD95F1A35CA8CCA33AEAD /* [CP] Embed Pods Frameworks */,
				BA5F773AB4833877F59A3EE2 /* [CP] Copy Pods Resources */,
			);
			buildRules = (
			);
			dependencies = (
			);
			name = RadioCollector;
			productName = RadioCollector;
			productReference = A5BA5D0B1F43DDBF001DD48C /* RadioCollector.app */;
			productType = "com.apple.product-type.application";
		};
/* End PBXNativeTarget section */

/* Begin PBXProject section */
		A5BA5D031F43DDBF001DD48C /* Project object */ = {
			isa = PBXProject;
			attributes = {
				LastSwiftUpdateCheck = 0830;
				LastUpgradeCheck = 0830;
				ORGANIZATIONNAME = "Chris Conner";
				TargetAttributes = {
					A5BA5D0A1F43DDBF001DD48C = {
						CreatedOnToolsVersion = 8.3.2;
						DevelopmentTeam = BJT8QVT53Y;
						ProvisioningStyle = Automatic;
					};
				};
			};
			buildConfigurationList = A5BA5D061F43DDBF001DD48C /* Build configuration list for PBXProject "RadioCollector" */;
			compatibilityVersion = "Xcode 3.2";
			developmentRegion = English;
			hasScannedForEncodings = 0;
			knownRegions = (
				en,
				Base,
			);
			mainGroup = A5BA5D021F43DDBF001DD48C;
			productRefGroup = A5BA5D0C1F43DDBF001DD48C /* Products */;
			projectDirPath = "";
			projectRoot = "";
			targets = (
				A5BA5D0A1F43DDBF001DD48C /* RadioCollector */,
			);
		};
/* End PBXProject section */

/* Begin PBXResourcesBuildPhase section */
		A5BA5D091F43DDBF001DD48C /* Resources */ = {
			isa = PBXResourcesBuildPhase;
			buildActionMask = 2147483647;
			files = (
				A5BA5D191F43DDBF001DD48C /* LaunchScreen.storyboard in Resources */,
				A5AE92281F47EC02003F08B7 /* GoogleService-Info.plist in Resources */,
				A5BA5D161F43DDBF001DD48C /* Assets.xcassets in Resources */,
				A5BA5D141F43DDBF001DD48C /* Main.storyboard in Resources */,
			);
			runOnlyForDeploymentPostprocessing = 0;
		};
/* End PBXResourcesBuildPhase section */

/* Begin PBXShellScriptBuildPhase section */
		57DAD95F1A35CA8CCA33AEAD /* [CP] Embed Pods Frameworks */ = {
			isa = PBXShellScriptBuildPhase;
			buildActionMask = 2147483647;
			files = (
			);
			inputPaths = (
				"${SRCROOT}/Pods/Target Support Files/Pods-RadioCollector/Pods-RadioCollector-frameworks.sh",
				"${BUILT_PRODUCTS_DIR}/GTMSessionFetcher/GTMSessionFetcher.framework",
				"${BUILT_PRODUCTS_DIR}/GoogleToolboxForMac/GoogleToolboxForMac.framework",
				"${BUILT_PRODUCTS_DIR}/leveldb-library/leveldb.framework",
				"${BUILT_PRODUCTS_DIR}/nanopb/nanopb.framework",
			);
			name = "[CP] Embed Pods Frameworks";
			outputPaths = (
				"${TARGET_BUILD_DIR}/${FRAMEWORKS_FOLDER_PATH}/GTMSessionFetcher.framework",
				"${TARGET_BUILD_DIR}/${FRAMEWORKS_FOLDER_PATH}/GoogleToolboxForMac.framework",
				"${TARGET_BUILD_DIR}/${FRAMEWORKS_FOLDER_PATH}/leveldb.framework",
				"${TARGET_BUILD_DIR}/${FRAMEWORKS_FOLDER_PATH}/nanopb.framework",
			);
			runOnlyForDeploymentPostprocessing = 0;
			shellPath = /bin/sh;
			shellScript = "\"${SRCROOT}/Pods/Target Support Files/Pods-RadioCollector/Pods-RadioCollector-frameworks.sh\"\n";
			showEnvVarsInLog = 0;
		};
		7E7618663B7908FA72454920 /* [CP] Check Pods Manifest.lock */ = {
			isa = PBXShellScriptBuildPhase;
			buildActionMask = 2147483647;
			files = (
			);
			inputPaths = (
				"${PODS_PODFILE_DIR_PATH}/Podfile.lock",
				"${PODS_ROOT}/Manifest.lock",
			);
			name = "[CP] Check Pods Manifest.lock";
			outputPaths = (
				"$(DERIVED_FILE_DIR)/Pods-RadioCollector-checkManifestLockResult.txt",
			);
			runOnlyForDeploymentPostprocessing = 0;
			shellPath = /bin/sh;
			shellScript = "diff \"${PODS_PODFILE_DIR_PATH}/Podfile.lock\" \"${PODS_ROOT}/Manifest.lock\" > /dev/null\nif [ $? != 0 ] ; then\n    # print error to STDERR\n    echo \"error: The sandbox is not in sync with the Podfile.lock. Run 'pod install' or update your CocoaPods installation.\" >&2\n    exit 1\nfi\n# This output is used by Xcode 'outputs' to avoid re-running this script phase.\necho \"SUCCESS\" > \"${SCRIPT_OUTPUT_FILE_0}\"\n";
			showEnvVarsInLog = 0;
		};
		BA5F773AB4833877F59A3EE2 /* [CP] Copy Pods Resources */ = {
			isa = PBXShellScriptBuildPhase;
			buildActionMask = 2147483647;
			files = (
			);
			inputPaths = (
			);
			name = "[CP] Copy Pods Resources";
			outputPaths = (
			);
			runOnlyForDeploymentPostprocessing = 0;
			shellPath = /bin/sh;
			shellScript = "\"${SRCROOT}/Pods/Target Support Files/Pods-RadioCollector/Pods-RadioCollector-resources.sh\"\n";
			showEnvVarsInLog = 0;
		};
/* End PBXShellScriptBuildPhase section */

/* Begin PBXSourcesBuildPhase section */
		A5BA5D071F43DDBF001DD48C /* Sources */ = {
			isa = PBXSourcesBuildPhase;
			buildActionMask = 2147483647;
			files = (
				A5BA5D111F43DDBF001DD48C /* ViewController.swift in Sources */,
				A5BA5D221F43E41D001DD48C /* LoginController.swift in Sources */,
				A5BA5D0F1F43DDBF001DD48C /* AppDelegate.swift in Sources */,
			);
			runOnlyForDeploymentPostprocessing = 0;
		};
/* End PBXSourcesBuildPhase section */

/* Begin PBXVariantGroup section */
		A5BA5D121F43DDBF001DD48C /* Main.storyboard */ = {
			isa = PBXVariantGroup;
			children = (
				A5BA5D131F43DDBF001DD48C /* Base */,
			);
			name = Main.storyboard;
			sourceTree = "<group>";
		};
		A5BA5D171F43DDBF001DD48C /* LaunchScreen.storyboard */ = {
			isa = PBXVariantGroup;
			children = (
				A5BA5D181F43DDBF001DD48C /* Base */,
			);
			name = LaunchScreen.storyboard;
			sourceTree = "<group>";
		};
/* End PBXVariantGroup section */

/* Begin XCBuildConfiguration section */
		A5BA5D1B1F43DDBF001DD48C /* Debug */ = {
			isa = XCBuildConfiguration;
			buildSettings = {
				ALWAYS_SEARCH_USER_PATHS = NO;
				CLANG_ANALYZER_NONNULL = YES;
				CLANG_ANALYZER_NUMBER_OBJECT_CONVERSION = YES_AGGRESSIVE;
				CLANG_CXX_LANGUAGE_STANDARD = "gnu++0x";
				CLANG_CXX_LIBRARY = "libc++";
				CLANG_ENABLE_MODULES = YES;
				CLANG_ENABLE_OBJC_ARC = YES;
				CLANG_WARN_BOOL_CONVERSION = YES;
				CLANG_WARN_CONSTANT_CONVERSION = YES;
				CLANG_WARN_DIRECT_OBJC_ISA_USAGE = YES_ERROR;
				CLANG_WARN_DOCUMENTATION_COMMENTS = YES;
				CLANG_WARN_EMPTY_BODY = YES;
				CLANG_WARN_ENUM_CONVERSION = YES;
				CLANG_WARN_INFINITE_RECURSION = YES;
				CLANG_WARN_INT_CONVERSION = YES;
				CLANG_WARN_OBJC_ROOT_CLASS = YES_ERROR;
				CLANG_WARN_SUSPICIOUS_MOVE = YES;
				CLANG_WARN_UNREACHABLE_CODE = YES;
				CLANG_WARN__DUPLICATE_METHOD_MATCH = YES;
				"CODE_SIGN_IDENTITY[sdk=iphoneos*]" = "iPhone Developer";
				COPY_PHASE_STRIP = NO;
				DEBUG_INFORMATION_FORMAT = dwarf;
				ENABLE_STRICT_OBJC_MSGSEND = YES;
				ENABLE_TESTABILITY = YES;
				GCC_C_LANGUAGE_STANDARD = gnu99;
				GCC_DYNAMIC_NO_PIC = NO;
				GCC_NO_COMMON_BLOCKS = YES;
				GCC_OPTIMIZATION_LEVEL = 0;
				GCC_PREPROCESSOR_DEFINITIONS = (
					"DEBUG=1",
					"$(inherited)",
				);
				GCC_WARN_64_TO_32_BIT_CONVERSION = YES;
				GCC_WARN_ABOUT_RETURN_TYPE = YES_ERROR;
				GCC_WARN_UNDECLARED_SELECTOR = YES;
				GCC_WARN_UNINITIALIZED_AUTOS = YES_AGGRESSIVE;
				GCC_WARN_UNUSED_FUNCTION = YES;
				GCC_WARN_UNUSED_VARIABLE = YES;
				IPHONEOS_DEPLOYMENT_TARGET = 10.3;
				MTL_ENABLE_DEBUG_INFO = YES;
				ONLY_ACTIVE_ARCH = YES;
				SDKROOT = iphoneos;
				SWIFT_ACTIVE_COMPILATION_CONDITIONS = DEBUG;
				SWIFT_OPTIMIZATION_LEVEL = "-Onone";
			};
			name = Debug;
		};
		A5BA5D1C1F43DDBF001DD48C /* Release */ = {
			isa = XCBuildConfiguration;
			buildSettings = {
				ALWAYS_SEARCH_USER_PATHS = NO;
				CLANG_ANALYZER_NONNULL = YES;
				CLANG_ANALYZER_NUMBER_OBJECT_CONVERSION = YES_AGGRESSIVE;
				CLANG_CXX_LANGUAGE_STANDARD = "gnu++0x";
				CLANG_CXX_LIBRARY = "libc++";
				CLANG_ENABLE_MODULES = YES;
				CLANG_ENABLE_OBJC_ARC = YES;
				CLANG_WARN_BOOL_CONVERSION = YES;
				CLANG_WARN_CONSTANT_CONVERSION = YES;
				CLANG_WARN_DIRECT_OBJC_ISA_USAGE = YES_ERROR;
				CLANG_WARN_DOCUMENTATION_COMMENTS = YES;
				CLANG_WARN_EMPTY_BODY = YES;
				CLANG_WARN_ENUM_CONVERSION = YES;
				CLANG_WARN_INFINITE_RECURSION = YES;
				CLANG_WARN_INT_CONVERSION = YES;
				CLANG_WARN_OBJC_ROOT_CLASS = YES_ERROR;
				CLANG_WARN_SUSPICIOUS_MOVE = YES;
				CLANG_WARN_UNREACHABLE_CODE = YES;
				CLANG_WARN__DUPLICATE_METHOD_MATCH = YES;
				"CODE_SIGN_IDENTITY[sdk=iphoneos*]" = "iPhone Developer";
				COPY_PHASE_STRIP = NO;
				DEBUG_INFORMATION_FORMAT = "dwarf-with-dsym";
				ENABLE_NS_ASSERTIONS = NO;
				ENABLE_STRICT_OBJC_MSGSEND = YES;
				GCC_C_LANGUAGE_STANDARD = gnu99;
				GCC_NO_COMMON_BLOCKS = YES;
				GCC_WARN_64_TO_32_BIT_CONVERSION = YES;
				GCC_WARN_ABOUT_RETURN_TYPE = YES_ERROR;
				GCC_WARN_UNDECLARED_SELECTOR = YES;
				GCC_WARN_UNINITIALIZED_AUTOS = YES_AGGRESSIVE;
				GCC_WARN_UNUSED_FUNCTION = YES;
				GCC_WARN_UNUSED_VARIABLE = YES;
				IPHONEOS_DEPLOYMENT_TARGET = 10.3;
				MTL_ENABLE_DEBUG_INFO = NO;
				SDKROOT = iphoneos;
				SWIFT_OPTIMIZATION_LEVEL = "-Owholemodule";
				VALIDATE_PRODUCT = YES;
			};
			name = Release;
		};
		A5BA5D1E1F43DDBF001DD48C /* Debug */ = {
			isa = XCBuildConfiguration;
			baseConfigurationReference = 2250C915D60498622DA27060 /* Pods-RadioCollector.debug.xcconfig */;
			buildSettings = {
				ASSETCATALOG_COMPILER_APPICON_NAME = AppIcon;
				DEVELOPMENT_TEAM = BJT8QVT53Y;
				INFOPLIST_FILE = RadioCollector/Info.plist;
				LD_RUNPATH_SEARCH_PATHS = "$(inherited) @executable_path/Frameworks";
				PRODUCT_BUNDLE_IDENTIFIER = co.chrisconner.RadioCollector;
				PRODUCT_NAME = "$(TARGET_NAME)";
				SWIFT_VERSION = 3.0;
			};
			name = Debug;
		};
		A5BA5D1F1F43DDBF001DD48C /* Release */ = {
			isa = XCBuildConfiguration;
			baseConfigurationReference = C129576D1AAC72142CADD552 /* Pods-RadioCollector.release.xcconfig */;
			buildSettings = {
				ASSETCATALOG_COMPILER_APPICON_NAME = AppIcon;
				DEVELOPMENT_TEAM = BJT8QVT53Y;
				INFOPLIST_FILE = RadioCollector/Info.plist;
				LD_RUNPATH_SEARCH_PATHS = "$(inherited) @executable_path/Frameworks";
				PRODUCT_BUNDLE_IDENTIFIER = co.chrisconner.RadioCollector;
				PRODUCT_NAME = "$(TARGET_NAME)";
				SWIFT_VERSION = 3.0;
			};
			name = Release;
		};
/* End XCBuildConfiguration section */

/* Begin XCConfigurationList section */
		A5BA5D061F43DDBF001DD48C /* Build configuration list for PBXProject "RadioCollector" */ = {
			isa = XCConfigurationList;
			buildConfigurations = (
				A5BA5D1B1F43DDBF001DD48C /* Debug */,
				A5BA5D1C1F43DDBF001DD48C /* Release */,
			);
			defaultConfigurationIsVisible = 0;
			defaultConfigurationName = Release;
		};
		A5BA5D1D1F43DDBF001DD48C /* Build configuration list for PBXNativeTarget "RadioCollector" */ = {
			isa = XCConfigurationList;
			buildConfigurations = (
				A5BA5D1E1F43DDBF001DD48C /* Debug */,
				A5BA5D1F1F43DDBF001DD48C /* Release */,
			);
			defaultConfigurationIsVisible = 0;
			defaultConfigurationName = Release;
		};
/* End XCConfigurationList section */
	};
	rootObject = A5BA5D031F43DDBF001DD48C /* Project object */;
}
